
Microsoft Visual Studio Solution File, Format Version 11.00
# Visual Studio 2010
Project("{FAE04EC0-301F-11D3-BF4B-00C04F79EFBC}") = "Bluetooth Controller", "Bluetooth Controller\Bluetooth Controller.csproj", "{DAF2D54A-38E8-466C-B559-0BC03F19290B}"
EndProject
Global
	GlobalSection(SolutionConfigurationPlatforms) = preSolution
		Debug|x86 = Debug|x86
		Release|x86 = Release|x86
	EndGlobalSection
	GlobalSection(ProjectConfigurationPlatforms) = postSolution
		{DAF2D54A-38E8-466C-B559-0BC03F19290B}.Debug|x86.ActiveCfg = Debug|x86
		{DAF2D54A-38E8-466C-B559-0BC03F19290B}.Debug|x86.Build.0 = Debug|x86
		{DAF2D54A-38E8-466C-B559-0BC03F19290B}.Release|x86.ActiveCfg = Release|x86
		{DAF2D54A-38E8-466C-B559-0BC03F19290B}.Release|x86.Build.0 = Release|x86
	EndGlobalSection
	GlobalSection(SolutionProperties) = preSolution
		HideSolutionNode = FALSE
	EndGlobalSection
EndGlobal
